
Microsoft Visual Studio Solution File, Format Version 12.00
# Visual Studio Version 16
VisualStudioVersion = 25.0.1700.0
MinimumVisualStudioVersion = 10.0.40219.1
Project("{FAE04EC0-301F-11D3-BF4B-00C04F79EFBC}") = "PersonalWebAngular", "PersonalWebAngular\PersonalWebAngular.csproj", "{5DE8EE69-9550-41E9-A4D3-9DDFC13C292D}"
EndProject
Project("{FAE04EC0-301F-11D3-BF4B-00C04F79EFBC}") = "Services", "Services\Services.csproj", "{67B074CB-201D-4375-A5C4-07C5B3F4397B}"
EndProject
Project("{FAE04EC0-301F-11D3-BF4B-00C04F79EFBC}") = "Shared", "Shared\Shared.csproj", "{B25EA0E0-5E73-417F-9F46-59E132E070AF}"
EndProject
Project("{FAE04EC0-301F-11D3-BF4B-00C04F79EFBC}") = "Entities", "Entities\Entities.csproj", "{5C290673-94B0-49F5-8648-9AF14730251C}"
EndProject
Project("{FAE04EC0-301F-11D3-BF4B-00C04F79EFBC}") = "Data", "Data\Data.csproj", "{875AD6B8-B94A-4549-979A-4C2C452E9003}"
EndProject
Global
	GlobalSection(SolutionConfigurationPlatforms) = preSolution
		Debug|Any CPU = Debug|Any CPU
		Release|Any CPU = Release|Any CPU
	EndGlobalSection
	GlobalSection(ProjectConfigurationPlatforms) = postSolution
		{5DE8EE69-9550-41E9-A4D3-9DDFC13C292D}.Debug|Any CPU.ActiveCfg = Debug|Any CPU
		{5DE8EE69-9550-41E9-A4D3-9DDFC13C292D}.Debug|Any CPU.Build.0 = Debug|Any CPU
		{5DE8EE69-9550-41E9-A4D3-9DDFC13C292D}.Release|Any CPU.ActiveCfg = Release|Any CPU
		{5DE8EE69-9550-41E9-A4D3-9DDFC13C292D}.Release|Any CPU.Build.0 = Release|Any CPU
		{67B074CB-201D-4375-A5C4-07C5B3F4397B}.Debug|Any CPU.ActiveCfg = Debug|Any CPU
		{67B074CB-201D-4375-A5C4-07C5B3F4397B}.Debug|Any CPU.Build.0 = Debug|Any CPU
		{67B074CB-201D-4375-A5C4-07C5B3F4397B}.Release|Any CPU.ActiveCfg = Release|Any CPU
		{67B074CB-201D-4375-A5C4-07C5B3F4397B}.Release|Any CPU.Build.0 = Release|Any CPU
		{B25EA0E0-5E73-417F-9F46-59E132E070AF}.Debug|Any CPU.ActiveCfg = Debug|Any CPU
		{B25EA0E0-5E73-417F-9F46-59E132E070AF}.Debug|Any CPU.Build.0 = Debug|Any CPU
		{B25EA0E0-5E73-417F-9F46-59E132E070AF}.Release|Any CPU.ActiveCfg = Release|Any CPU
		{B25EA0E0-5E73-417F-9F46-59E132E070AF}.Release|Any CPU.Build.0 = Release|Any CPU
		{5C290673-94B0-49F5-8648-9AF14730251C}.Debug|Any CPU.ActiveCfg = Debug|Any CPU
		{5C290673-94B0-49F5-8648-9AF14730251C}.Debug|Any CPU.Build.0 = Debug|Any CPU
		{5C290673-94B0-49F5-8648-9AF14730251C}.Release|Any CPU.ActiveCfg = Release|Any CPU
		{5C290673-94B0-49F5-8648-9AF14730251C}.Release|Any CPU.Build.0 = Release|Any CPU
		{875AD6B8-B94A-4549-979A-4C2C452E9003}.Debug|Any CPU.ActiveCfg = Debug|Any CPU
		{875AD6B8-B94A-4549-979A-4C2C452E9003}.Debug|Any CPU.Build.0 = Debug|Any CPU
		{875AD6B8-B94A-4549-979A-4C2C452E9003}.Release|Any CPU.ActiveCfg = Release|Any CPU
		{875AD6B8-B94A-4549-979A-4C2C452E9003}.Release|Any CPU.Build.0 = Release|Any CPU
	EndGlobalSection
	GlobalSection(SolutionProperties) = preSolution
		HideSolutionNode = FALSE
	EndGlobalSection
	GlobalSection(ExtensibilityGlobals) = postSolution
		SolutionGuid = {0CA318F4-3493-4414-AAB3-34D4F630614D}
	EndGlobalSection
EndGlobal
